
Microsoft Visual Studio Solution File, Format Version 12.00
# Visual Studio Version 16
VisualStudioVersion = 16.0.29609.76
MinimumVisualStudioVersion = 10.0.40219.1
Project("{FAE04EC0-301F-11D3-BF4B-00C04F79EFBC}") = "MEF Quête1", "MEF Quête1.csproj", "{C588BB0C-C6BA-4C9E-88C0-34F478C584D3}"
EndProject
Global
	GlobalSection(SolutionConfigurationPlatforms) = preSolution
		Debug|Any CPU = Debug|Any CPU
		Release|Any CPU = Release|Any CPU
	EndGlobalSection
	GlobalSection(ProjectConfigurationPlatforms) = postSolution
		{C588BB0C-C6BA-4C9E-88C0-34F478C584D3}.Debug|Any CPU.ActiveCfg = Debug|Any CPU
		{C588BB0C-C6BA-4C9E-88C0-34F478C584D3}.Debug|Any CPU.Build.0 = Debug|Any CPU
		{C588BB0C-C6BA-4C9E-88C0-34F478C584D3}.Release|Any CPU.ActiveCfg = Release|Any CPU
		{C588BB0C-C6BA-4C9E-88C0-34F478C584D3}.Release|Any CPU.Build.0 = Release|Any CPU
	EndGlobalSection
	GlobalSection(SolutionProperties) = preSolution
		HideSolutionNode = FALSE
	EndGlobalSection
	GlobalSection(ExtensibilityGlobals) = postSolution
		SolutionGuid = {3864D108-05CB-460F-B941-D8C0A7EDBD65}
	EndGlobalSection
EndGlobal
